
Microsoft Visual Studio Solution File, Format Version 12.00
# Visual Studio Version 17
VisualStudioVersion = 17.9.34723.18
MinimumVisualStudioVersion = 10.0.40219.1
Project("{FAE04EC0-301F-11D3-BF4B-00C04F79EFBC}") = "TatilSeyahatWebSite", "TatilSeyahatWebSite.csproj", "{031FB209-4B99-4434-BD8B-3E7E47F72BCA}"
EndProject
Global
	GlobalSection(SolutionConfigurationPlatforms) = preSolution
		Debug|Any CPU = Debug|Any CPU
		Release|Any CPU = Release|Any CPU
	EndGlobalSection
	GlobalSection(ProjectConfigurationPlatforms) = postSolution
		{031FB209-4B99-4434-BD8B-3E7E47F72BCA}.Debug|Any CPU.ActiveCfg = Debug|Any CPU
		{031FB209-4B99-4434-BD8B-3E7E47F72BCA}.Debug|Any CPU.Build.0 = Debug|Any CPU
		{031FB209-4B99-4434-BD8B-3E7E47F72BCA}.Release|Any CPU.ActiveCfg = Release|Any CPU
		{031FB209-4B99-4434-BD8B-3E7E47F72BCA}.Release|Any CPU.Build.0 = Release|Any CPU
	EndGlobalSection
	GlobalSection(SolutionProperties) = preSolution
		HideSolutionNode = FALSE
	EndGlobalSection
	GlobalSection(ExtensibilityGlobals) = postSolution
		SolutionGuid = {1A6FDAC9-B224-44B2-AF2E-82901FCFAAAB}
	EndGlobalSection
EndGlobal
